// !$*UTF8*$!
{
	archiveVersion = 1;
	classes = {
	};
	objectVersion = 50;
	objects = {

/* Begin PBXBuildFile section */
		0422894B22BC9BAE00EE9B93 /* AppDelegate.swift in Sources */ = {isa = PBXBuildFile; fileRef = 0422894A22BC9BAE00EE9B93 /* AppDelegate.swift */; };
		0422894D22BC9BAE00EE9B93 /* ViewController.swift in Sources */ = {isa = PBXBuildFile; fileRef = 0422894C22BC9BAE00EE9B93 /* ViewController.swift */; };
		0422895022BC9BAE00EE9B93 /* Main.storyboard in Resources */ = {isa = PBXBuildFile; fileRef = 0422894E22BC9BAE00EE9B93 /* Main.storyboard */; };
		0422895222BC9BAF00EE9B93 /* Assets.xcassets in Resources */ = {isa = PBXBuildFile; fileRef = 0422895122BC9BAF00EE9B93 /* Assets.xcassets */; };
		0422895522BC9BAF00EE9B93 /* LaunchScreen.storyboard in Resources */ = {isa = PBXBuildFile; fileRef = 0422895322BC9BAF00EE9B93 /* LaunchScreen.storyboard */; };
		0422895E22BC9BDC00EE9B93 /* UIImage+Gif.swift in Sources */ = {isa = PBXBuildFile; fileRef = 0422895D22BC9BDC00EE9B93 /* UIImage+Gif.swift */; };
		0422896022BC9C1800EE9B93 /* SwiftyTimer.swift in Sources */ = {isa = PBXBuildFile; fileRef = 0422895F22BC9C1800EE9B93 /* SwiftyTimer.swift */; };
		0422896222BC9C6D00EE9B93 /* SwiftAdView.swift in Sources */ = {isa = PBXBuildFile; fileRef = 0422896122BC9C6D00EE9B93 /* SwiftAdView.swift */; };
		0422896422BCC34C00EE9B93 /* 1.mp4 in Resources */ = {isa = PBXBuildFile; fileRef = 0422896322BCC34C00EE9B93 /* 1.mp4 */; };
		0422896822BCD22600EE9B93 /* SwiftAdFileConfig.swift in Sources */ = {isa = PBXBuildFile; fileRef = 0422896722BCD22600EE9B93 /* SwiftAdFileConfig.swift */; };
		0422896A22BCE15A00EE9B93 /* guide02.png in Resources */ = {isa = PBXBuildFile; fileRef = 0422896922BCE15A00EE9B93 /* guide02.png */; };
		0422896F22BD160D00EE9B93 /* timg.jpeg in Resources */ = {isa = PBXBuildFile; fileRef = 0422896E22BD160D00EE9B93 /* timg.jpeg */; };
		0422897122BE276900EE9B93 /* foldingcell.gif in Resources */ = {isa = PBXBuildFile; fileRef = 0422897022BE276800EE9B93 /* foldingcell.gif */; };
		0493192122C204EC000B805F /* WebKitController.swift in Sources */ = {isa = PBXBuildFile; fileRef = 0493192022C204EC000B805F /* WebKitController.swift */; };
		0493192322C20C1F000B805F /* RootViewController.swift in Sources */ = {isa = PBXBuildFile; fileRef = 0493192222C20C1F000B805F /* RootViewController.swift */; };
		19E6992F279053C4A5F2A89E /* Pods_SwiftAdView.framework in Frameworks */ = {isa = PBXBuildFile; fileRef = 325DA2BE3B0AC373EF94A5B8 /* Pods_SwiftAdView.framework */; };
/* End PBXBuildFile section */

/* Begin PBXFileReference section */
		0422894722BC9BAE00EE9B93 /* SwiftAdView.app */ = {isa = PBXFileReference; explicitFileType = wrapper.application; includeInIndex = 0; path = SwiftAdView.app; sourceTree = BUILT_PRODUCTS_DIR; };
		0422894A22BC9BAE00EE9B93 /* AppDelegate.swift */ = {isa = PBXFileReference; lastKnownFileType = sourcecode.swift; path = AppDelegate.swift; sourceTree = "<group>"; };
		0422894C22BC9BAE00EE9B93 /* ViewController.swift */ = {isa = PBXFileReference; lastKnownFileType = sourcecode.swift; path = ViewController.swift; sourceTree = "<group>"; };
		0422894F22BC9BAE00EE9B93 /* Base */ = {isa = PBXFileReference; lastKnownFileType = file.storyboard; name = Base; path = Base.lproj/Main.storyboard; sourceTree = "<group>"; };
		0422895122BC9BAF00EE9B93 /* Assets.xcassets */ = {isa = PBXFileReference; lastKnownFileType = folder.assetcatalog; path = Assets.xcassets; sourceTree = "<group>"; };
		0422895422BC9BAF00EE9B93 /* Base */ = {isa = PBXFileReference; lastKnownFileType = file.storyboard; name = Base; path = Base.lproj/LaunchScreen.storyboard; sourceTree = "<group>"; };
		0422895622BC9BAF00EE9B93 /* Info.plist */ = {isa = PBXFileReference; lastKnownFileType = text.plist.xml; path = Info.plist; sourceTree = "<group>"; };
		0422895D22BC9BDC00EE9B93 /* UIImage+Gif.swift */ = {isa = PBXFileReference; fileEncoding = 4; lastKnownFileType = sourcecode.swift; path = "UIImage+Gif.swift"; sourceTree = "<group>"; };
		0422895F22BC9C1800EE9B93 /* SwiftyTimer.swift */ = {isa = PBXFileReference; fileEncoding = 4; lastKnownFileType = sourcecode.swift; path = SwiftyTimer.swift; sourceTree = "<group>"; };
		0422896122BC9C6D00EE9B93 /* SwiftAdView.swift */ = {isa = PBXFileReference; lastKnownFileType = sourcecode.swift; path = SwiftAdView.swift; sourceTree = "<group>"; };
		0422896322BCC34C00EE9B93 /* 1.mp4 */ = {isa = PBXFileReference; lastKnownFileType = file; path = 1.mp4; sourceTree = "<group>"; };
		0422896722BCD22600EE9B93 /* SwiftAdFileConfig.swift */ = {isa = PBXFileReference; lastKnownFileType = sourcecode.swift; path = SwiftAdFileConfig.swift; sourceTree = "<group>"; };
		0422896922BCE15A00EE9B93 /* guide02.png */ = {isa = PBXFileReference; lastKnownFileType = image.png; path = guide02.png; sourceTree = "<group>"; };
		0422896E22BD160D00EE9B93 /* timg.jpeg */ = {isa = PBXFileReference; lastKnownFileType = image.jpeg; path = timg.jpeg; sourceTree = "<group>"; };
		0422897022BE276800EE9B93 /* foldingcell.gif */ = {isa = PBXFileReference; lastKnownFileType = image.gif; path = foldingcell.gif; sourceTree = "<group>"; };
		0493192022C204EC000B805F /* WebKitController.swift */ = {isa = PBXFileReference; fileEncoding = 4; lastKnownFileType = sourcecode.swift; path = WebKitController.swift; sourceTree = "<group>"; };
		0493192222C20C1F000B805F /* RootViewController.swift */ = {isa = PBXFileReference; lastKnownFileType = sourcecode.swift; path = RootViewController.swift; sourceTree = "<group>"; };
		325DA2BE3B0AC373EF94A5B8 /* Pods_SwiftAdView.framework */ = {isa = PBXFileReference; explicitFileType = wrapper.framework; includeInIndex = 0; path = Pods_SwiftAdView.framework; sourceTree = BUILT_PRODUCTS_DIR; };
		413D21ABC1A5F4E5780750E8 /* Pods-SwiftAdView.release.xcconfig */ = {isa = PBXFileReference; includeInIndex = 1; lastKnownFileType = text.xcconfig; name = "Pods-SwiftAdView.release.xcconfig"; path = "Target Support Files/Pods-SwiftAdView/Pods-SwiftAdView.release.xcconfig"; sourceTree = "<group>"; };
		CD7B4C664A7DD87E72904414 /* Pods-SwiftAdView.debug.xcconfig */ = {isa = PBXFileReference; includeInIndex = 1; lastKnownFileType = text.xcconfig; name = "Pods-SwiftAdView.debug.xcconfig"; path = "Target Support Files/Pods-SwiftAdView/Pods-SwiftAdView.debug.xcconfig"; sourceTree = "<group>"; };
/* End PBXFileReference section */

/* Begin PBXFrameworksBuildPhase section */
		0422894422BC9BAE00EE9B93 /* Frameworks */ = {
			isa = PBXFrameworksBuildPhase;
			buildActionMask = 2147483647;
			files = (
				19E6992F279053C4A5F2A89E /* Pods_SwiftAdView.framework in Frameworks */,
			);
			runOnlyForDeploymentPostprocessing = 0;
		};
/* End PBXFrameworksBuildPhase section */

/* Begin PBXGroup section */
		0422893E22BC9BAE00EE9B93 = {
			isa = PBXGroup;
			children = (
				0422894922BC9BAE00EE9B93 /* SwiftAdView */,
				0422894822BC9BAE00EE9B93 /* Products */,
				A391EEFCDE71D67EB38F4B7F /* Pods */,
				62C2EAC1BAA3DFF506647D30 /* Frameworks */,
			);
			sourceTree = "<group>";
		};
		0422894822BC9BAE00EE9B93 /* Products */ = {
			isa = PBXGroup;
			children = (
				0422894722BC9BAE00EE9B93 /* SwiftAdView.app */,
			);
			name = Products;
			sourceTree = "<group>";
		};
		0422894922BC9BAE00EE9B93 /* SwiftAdView */ = {
			isa = PBXGroup;
			children = (
				0422895C22BC9BCC00EE9B93 /* Sources */,
				0422897222BE295300EE9B93 /* LocalRersource */,
				0422894A22BC9BAE00EE9B93 /* AppDelegate.swift */,
				0422894C22BC9BAE00EE9B93 /* ViewController.swift */,
				0493192222C20C1F000B805F /* RootViewController.swift */,
				0493192022C204EC000B805F /* WebKitController.swift */,
				0422894E22BC9BAE00EE9B93 /* Main.storyboard */,
				0422895122BC9BAF00EE9B93 /* Assets.xcassets */,
				0422895322BC9BAF00EE9B93 /* LaunchScreen.storyboard */,
				0422895622BC9BAF00EE9B93 /* Info.plist */,
			);
			path = SwiftAdView;
			sourceTree = "<group>";
		};
		0422895C22BC9BCC00EE9B93 /* Sources */ = {
			isa = PBXGroup;
			children = (
				0422896722BCD22600EE9B93 /* SwiftAdFileConfig.swift */,
				0422896122BC9C6D00EE9B93 /* SwiftAdView.swift */,
				0422895F22BC9C1800EE9B93 /* SwiftyTimer.swift */,
				0422895D22BC9BDC00EE9B93 /* UIImage+Gif.swift */,
			);
			path = Sources;
			sourceTree = "<group>";
		};
		0422897222BE295300EE9B93 /* LocalRersource */ = {
			isa = PBXGroup;
			children = (
				0422896922BCE15A00EE9B93 /* guide02.png */,
				0422897022BE276800EE9B93 /* foldingcell.gif */,
				0422896E22BD160D00EE9B93 /* timg.jpeg */,
				0422896322BCC34C00EE9B93 /* 1.mp4 */,
			);
			path = LocalRersource;
			sourceTree = "<group>";
		};
		62C2EAC1BAA3DFF506647D30 /* Frameworks */ = {
			isa = PBXGroup;
			children = (
				325DA2BE3B0AC373EF94A5B8 /* Pods_SwiftAdView.framework */,
			);
			name = Frameworks;
			sourceTree = "<group>";
		};
		A391EEFCDE71D67EB38F4B7F /* Pods */ = {
			isa = PBXGroup;
			children = (
				CD7B4C664A7DD87E72904414 /* Pods-SwiftAdView.debug.xcconfig */,
				413D21ABC1A5F4E5780750E8 /* Pods-SwiftAdView.release.xcconfig */,
			);
			path = Pods;
			sourceTree = "<group>";
		};
/* End PBXGroup section */

/* Begin PBXNativeTarget section */
		0422894622BC9BAE00EE9B93 /* SwiftAdView */ = {
			isa = PBXNativeTarget;
			buildConfigurationList = 0422895922BC9BAF00EE9B93 /* Build configuration list for PBXNativeTarget "SwiftAdView" */;
			buildPhases = (
				713C6F1AFFAC20F5B48D5C70 /* [CP] Check Pods Manifest.lock */,
				0422894322BC9BAE00EE9B93 /* Sources */,
				0422894422BC9BAE00EE9B93 /* Frameworks */,
				0422894522BC9BAE00EE9B93 /* Resources */,
				7F802DA56E0E3B16734B669C /* [CP] Embed Pods Frameworks */,
			);
			buildRules = (
			);
			dependencies = (
			);
			name = SwiftAdView;
			productName = SwiftAdView;
			productReference = 0422894722BC9BAE00EE9B93 /* SwiftAdView.app */;
			productType = "com.apple.product-type.application";
		};
/* End PBXNativeTarget section */

/* Begin PBXProject section */
		0422893F22BC9BAE00EE9B93 /* Project object */ = {
			isa = PBXProject;
			attributes = {
				LastSwiftUpdateCheck = 1010;
				LastUpgradeCheck = 1010;
				ORGANIZATIONNAME = mac;
				TargetAttributes = {
					0422894622BC9BAE00EE9B93 = {
						CreatedOnToolsVersion = 10.1;
					};
				};
			};
			buildConfigurationList = 0422894222BC9BAE00EE9B93 /* Build configuration list for PBXProject "SwiftAdView" */;
			compatibilityVersion = "Xcode 9.3";
			developmentRegion = en;
			hasScannedForEncodings = 0;
			knownRegions = (
				en,
				Base,
			);
			mainGroup = 0422893E22BC9BAE00EE9B93;
			productRefGroup = 0422894822BC9BAE00EE9B93 /* Products */;
			projectDirPath = "";
			projectRoot = "";
			targets = (
				0422894622BC9BAE00EE9B93 /* SwiftAdView */,
			);
		};
/* End PBXProject section */

/* Begin PBXResourcesBuildPhase section */
		0422894522BC9BAE00EE9B93 /* Resources */ = {
			isa = PBXResourcesBuildPhase;
			buildActionMask = 2147483647;
			files = (
				0422895522BC9BAF00EE9B93 /* LaunchScreen.storyboard in Resources */,
				0422896F22BD160D00EE9B93 /* timg.jpeg in Resources */,
				0422896A22BCE15A00EE9B93 /* guide02.png in Resources */,
				0422897122BE276900EE9B93 /* foldingcell.gif in Resources */,
				0422896422BCC34C00EE9B93 /* 1.mp4 in Resources */,
				0422895222BC9BAF00EE9B93 /* Assets.xcassets in Resources */,
				0422895022BC9BAE00EE9B93 /* Main.storyboard in Resources */,
			);
			runOnlyForDeploymentPostprocessing = 0;
		};
/* End PBXResourcesBuildPhase section */

/* Begin PBXShellScriptBuildPhase section */
		713C6F1AFFAC20F5B48D5C70 /* [CP] Check Pods Manifest.lock */ = {
			isa = PBXShellScriptBuildPhase;
			buildActionMask = 2147483647;
			files = (
			);
			inputFileListPaths = (
			);
			inputPaths = (
				"${PODS_PODFILE_DIR_PATH}/Podfile.lock",
				"${PODS_ROOT}/Manifest.lock",
			);
			name = "[CP] Check Pods Manifest.lock";
			outputFileListPaths = (
			);
			outputPaths = (
				"$(DERIVED_FILE_DIR)/Pods-SwiftAdView-checkManifestLockResult.txt",
			);
			runOnlyForDeploymentPostprocessing = 0;
			shellPath = /bin/sh;
			shellScript = "diff \"${PODS_PODFILE_DIR_PATH}/Podfile.lock\" \"${PODS_ROOT}/Manifest.lock\" > /dev/null\nif [ $? != 0 ] ; then\n    # print error to STDERR\n    echo \"error: The sandbox is not in sync with the Podfile.lock. Run 'pod install' or update your CocoaPods installation.\" >&2\n    exit 1\nfi\n# This output is used by Xcode 'outputs' to avoid re-running this script phase.\necho \"SUCCESS\" > \"${SCRIPT_OUTPUT_FILE_0}\"\n";
			showEnvVarsInLog = 0;
		};
		7F802DA56E0E3B16734B669C /* [CP] Embed Pods Frameworks */ = {
			isa = PBXShellScriptBuildPhase;
			buildActionMask = 2147483647;
			files = (
			);
			inputFileListPaths = (
			);
			inputPaths = (
				"${PODS_ROOT}/Target Support Files/Pods-SwiftAdView/Pods-SwiftAdView-frameworks.sh",
				"${BUILT_PRODUCTS_DIR}/Alamofire/Alamofire.framework",
				"${BUILT_PRODUCTS_DIR}/Kingfisher/Kingfisher.framework",
				"${BUILT_PRODUCTS_DIR}/SnapKit/SnapKit.framework",
			);
			name = "[CP] Embed Pods Frameworks";
			outputFileListPaths = (
			);
			outputPaths = (
				"${TARGET_BUILD_DIR}/${FRAMEWORKS_FOLDER_PATH}/Alamofire.framework",
				"${TARGET_BUILD_DIR}/${FRAMEWORKS_FOLDER_PATH}/Kingfisher.framework",
				"${TARGET_BUILD_DIR}/${FRAMEWORKS_FOLDER_PATH}/SnapKit.framework",
			);
			runOnlyForDeploymentPostprocessing = 0;
			shellPath = /bin/sh;
			shellScript = "\"${PODS_ROOT}/Target Support Files/Pods-SwiftAdView/Pods-SwiftAdView-frameworks.sh\"\n";
			showEnvVarsInLog = 0;
		};
/* End PBXShellScriptBuildPhase section */

/* Begin PBXSourcesBuildPhase section */
		0422894322BC9BAE00EE9B93 /* Sources */ = {
			isa = PBXSourcesBuildPhase;
			buildActionMask = 2147483647;
			files = (
				0422895E22BC9BDC00EE9B93 /* UIImage+Gif.swift in Sources */,
				0422894D22BC9BAE00EE9B93 /* ViewController.swift in Sources */,
				0422896822BCD22600EE9B93 /* SwiftAdFileConfig.swift in Sources */,
				0422894B22BC9BAE00EE9B93 /* AppDelegate.swift in Sources */,
				0422896022BC9C1800EE9B93 /* SwiftyTimer.swift in Sources */,
				0422896222BC9C6D00EE9B93 /* SwiftAdView.swift in Sources */,
				0493192322C20C1F000B805F /* RootViewController.swift in Sources */,
				0493192122C204EC000B805F /* WebKitController.swift in Sources */,
			);
			runOnlyForDeploymentPostprocessing = 0;
		};
/* End PBXSourcesBuildPhase section */

/* Begin PBXVariantGroup section */
		0422894E22BC9BAE00EE9B93 /* Main.storyboard */ = {
			isa = PBXVariantGroup;
			children = (
				0422894F22BC9BAE00EE9B93 /* Base */,
			);
			name = Main.storyboard;
			sourceTree = "<group>";
		};
		0422895322BC9BAF00EE9B93 /* LaunchScreen.storyboard */ = {
			isa = PBXVariantGroup;
			children = (
				0422895422BC9BAF00EE9B93 /* Base */,
			);
			name = LaunchScreen.storyboard;
			sourceTree = "<group>";
		};
/* End PBXVariantGroup section */

/* Begin XCBuildConfiguration section */
		0422895722BC9BAF00EE9B93 /* Debug */ = {
			isa = XCBuildConfiguration;
			buildSettings = {
				ALWAYS_SEARCH_USER_PATHS = NO;
				CLANG_ANALYZER_NONNULL = YES;
				CLANG_ANALYZER_NUMBER_OBJECT_CONVERSION = YES_AGGRESSIVE;
				CLANG_CXX_LANGUAGE_STANDARD = "gnu++14";
				CLANG_CXX_LIBRARY = "libc++";
				CLANG_ENABLE_MODULES = YES;
				CLANG_ENABLE_OBJC_ARC = YES;
				CLANG_ENABLE_OBJC_WEAK = YES;
				CLANG_WARN_BLOCK_CAPTURE_AUTORELEASING = YES;
				CLANG_WARN_BOOL_CONVERSION = YES;
				CLANG_WARN_COMMA = YES;
				CLANG_WARN_CONSTANT_CONVERSION = YES;
				CLANG_WARN_DEPRECATED_OBJC_IMPLEMENTATIONS = YES;
				CLANG_WARN_DIRECT_OBJC_ISA_USAGE = YES_ERROR;
				CLANG_WARN_DOCUMENTATION_COMMENTS = YES;
				CLANG_WARN_EMPTY_BODY = YES;
				CLANG_WARN_ENUM_CONVERSION = YES;
				CLANG_WARN_INFINITE_RECURSION = YES;
				CLANG_WARN_INT_CONVERSION = YES;
				CLANG_WARN_NON_LITERAL_NULL_CONVERSION = YES;
				CLANG_WARN_OBJC_IMPLICIT_RETAIN_SELF = YES;
				CLANG_WARN_OBJC_LITERAL_CONVERSION = YES;
				CLANG_WARN_OBJC_ROOT_CLASS = YES_ERROR;
				CLANG_WARN_RANGE_LOOP_ANALYSIS = YES;
				CLANG_WARN_STRICT_PROTOTYPES = YES;
				CLANG_WARN_SUSPICIOUS_MOVE = YES;
				CLANG_WARN_UNGUARDED_AVAILABILITY = YES_AGGRESSIVE;
				CLANG_WARN_UNREACHABLE_CODE = YES;
				CLANG_WARN__DUPLICATE_METHOD_MATCH = YES;
				CODE_SIGN_IDENTITY = "iPhone Developer";
				COPY_PHASE_STRIP = NO;
				DEBUG_INFORMATION_FORMAT = dwarf;
				ENABLE_STRICT_OBJC_MSGSEND = YES;
				ENABLE_TESTABILITY = YES;
				GCC_C_LANGUAGE_STANDARD = gnu11;
				GCC_DYNAMIC_NO_PIC = NO;
				GCC_NO_COMMON_BLOCKS = YES;
				GCC_OPTIMIZATION_LEVEL = 0;
				GCC_PREPROCESSOR_DEFINITIONS = (
					"DEBUG=1",
					"$(inherited)",
				);
				GCC_WARN_64_TO_32_BIT_CONVERSION = YES;
				GCC_WARN_ABOUT_RETURN_TYPE = YES_ERROR;
				GCC_WARN_UNDECLARED_SELECTOR = YES;
				GCC_WARN_UNINITIALIZED_AUTOS = YES_AGGRESSIVE;
				GCC_WARN_UNUSED_FUNCTION = YES;
				GCC_WARN_UNUSED_VARIABLE = YES;
				IPHONEOS_DEPLOYMENT_TARGET = 12.1;
				MTL_ENABLE_DEBUG_INFO = INCLUDE_SOURCE;
				MTL_FAST_MATH = YES;
				ONLY_ACTIVE_ARCH = YES;
				SDKROOT = iphoneos;
				SWIFT_ACTIVE_COMPILATION_CONDITIONS = DEBUG;
				SWIFT_OPTIMIZATION_LEVEL = "-Onone";
			};
			name = Debug;
		};
		0422895822BC9BAF00EE9B93 /* Release */ = {
			isa = XCBuildConfiguration;
			buildSettings = {
				ALWAYS_SEARCH_USER_PATHS = NO;
				CLANG_ANALYZER_NONNULL = YES;
				CLANG_ANALYZER_NUMBER_OBJECT_CONVERSION = YES_AGGRESSIVE;
				CLANG_CXX_LANGUAGE_STANDARD = "gnu++14";
				CLANG_CXX_LIBRARY = "libc++";
				CLANG_ENABLE_MODULES = YES;
				CLANG_ENABLE_OBJC_ARC = YES;
				CLANG_ENABLE_OBJC_WEAK = YES;
				CLANG_WARN_BLOCK_CAPTURE_AUTORELEASING = YES;
				CLANG_WARN_BOOL_CONVERSION = YES;
				CLANG_WARN_COMMA = YES;
				CLANG_WARN_CONSTANT_CONVERSION = YES;
				CLANG_WARN_DEPRECATED_OBJC_IMPLEMENTATIONS = YES;
				CLANG_WARN_DIRECT_OBJC_ISA_USAGE = YES_ERROR;
				CLANG_WARN_DOCUMENTATION_COMMENTS = YES;
				CLANG_WARN_EMPTY_BODY = YES;
				CLANG_WARN_ENUM_CONVERSION = YES;
				CLANG_WARN_INFINITE_RECURSION = YES;
				CLANG_WARN_INT_CONVERSION = YES;
				CLANG_WARN_NON_LITERAL_NULL_CONVERSION = YES;
				CLANG_WARN_OBJC_IMPLICIT_RETAIN_SELF = YES;
				CLANG_WARN_OBJC_LITERAL_CONVERSION = YES;
				CLANG_WARN_OBJC_ROOT_CLASS = YES_ERROR;
				CLANG_WARN_RANGE_LOOP_ANALYSIS = YES;
				CLANG_WARN_STRICT_PROTOTYPES = YES;
				CLANG_WARN_SUSPICIOUS_MOVE = YES;
				CLANG_WARN_UNGUARDED_AVAILABILITY = YES_AGGRESSIVE;
				CLANG_WARN_UNREACHABLE_CODE = YES;
				CLANG_WARN__DUPLICATE_METHOD_MATCH = YES;
				CODE_SIGN_IDENTITY = "iPhone Developer";
				COPY_PHASE_STRIP = NO;
				DEBUG_INFORMATION_FORMAT = "dwarf-with-dsym";
				ENABLE_NS_ASSERTIONS = NO;
				ENABLE_STRICT_OBJC_MSGSEND = YES;
				GCC_C_LANGUAGE_STANDARD = gnu11;
				GCC_NO_COMMON_BLOCKS = YES;
				GCC_WARN_64_TO_32_BIT_CONVERSION = YES;
				GCC_WARN_ABOUT_RETURN_TYPE = YES_ERROR;
				GCC_WARN_UNDECLARED_SELECTOR = YES;
				GCC_WARN_UNINITIALIZED_AUTOS = YES_AGGRESSIVE;
				GCC_WARN_UNUSED_FUNCTION = YES;
				GCC_WARN_UNUSED_VARIABLE = YES;
				IPHONEOS_DEPLOYMENT_TARGET = 12.1;
				MTL_ENABLE_DEBUG_INFO = NO;
				MTL_FAST_MATH = YES;
				SDKROOT = iphoneos;
				SWIFT_COMPILATION_MODE = wholemodule;
				SWIFT_OPTIMIZATION_LEVEL = "-O";
				VALIDATE_PRODUCT = YES;
			};
			name = Release;
		};
		0422895A22BC9BAF00EE9B93 /* Debug */ = {
			isa = XCBuildConfiguration;
			baseConfigurationReference = CD7B4C664A7DD87E72904414 /* Pods-SwiftAdView.debug.xcconfig */;
			buildSettings = {
				ASSETCATALOG_COMPILER_APPICON_NAME = AppIcon;
				CODE_SIGN_STYLE = Automatic;
				DEVELOPMENT_TEAM = 9358A4G45W;
				INFOPLIST_FILE = SwiftAdView/Info.plist;
				IPHONEOS_DEPLOYMENT_TARGET = 9.0;
				LD_RUNPATH_SEARCH_PATHS = (
					"$(inherited)",
					"@executable_path/Frameworks",
				);
				PRODUCT_BUNDLE_IDENTIFIER = com.Xs.advertise.SwiftAdView;
				PRODUCT_NAME = "$(TARGET_NAME)";
				SWIFT_VERSION = 4.2;
				TARGETED_DEVICE_FAMILY = "1,2";
			};
			name = Debug;
		};
		0422895B22BC9BAF00EE9B93 /* Release */ = {
			isa = XCBuildConfiguration;
			baseConfigurationReference = 413D21ABC1A5F4E5780750E8 /* Pods-SwiftAdView.release.xcconfig */;
			buildSettings = {
				ASSETCATALOG_COMPILER_APPICON_NAME = AppIcon;
				CODE_SIGN_STYLE = Automatic;
				DEVELOPMENT_TEAM = 9358A4G45W;
				INFOPLIST_FILE = SwiftAdView/Info.plist;
				IPHONEOS_DEPLOYMENT_TARGET = 9.0;
				LD_RUNPATH_SEARCH_PATHS = (
					"$(inherited)",
					"@executable_path/Frameworks",
				);
				PRODUCT_BUNDLE_IDENTIFIER = com.Xs.advertise.SwiftAdView;
				PRODUCT_NAME = "$(TARGET_NAME)";
				SWIFT_VERSION = 4.2;
				TARGETED_DEVICE_FAMILY = "1,2";
			};
			name = Release;
		};
/* End XCBuildConfiguration section */

/* Begin XCConfigurationList section */
		0422894222BC9BAE00EE9B93 /* Build configuration list for PBXProject "SwiftAdView" */ = {
			isa = XCConfigurationList;
			buildConfigurations = (
				0422895722BC9BAF00EE9B93 /* Debug */,
				0422895822BC9BAF00EE9B93 /* Release */,
			);
			defaultConfigurationIsVisible = 0;
			defaultConfigurationName = Release;
		};
		0422895922BC9BAF00EE9B93 /* Build configuration list for PBXNativeTarget "SwiftAdView" */ = {
			isa = XCConfigurationList;
			buildConfigurations = (
				0422895A22BC9BAF00EE9B93 /* Debug */,
				0422895B22BC9BAF00EE9B93 /* Release */,
			);
			defaultConfigurationIsVisible = 0;
			defaultConfigurationName = Release;
		};
/* End XCConfigurationList section */
	};
	rootObject = 0422893F22BC9BAE00EE9B93 /* Project object */;
}
